name: 'Lock Threads'

on:
  schedule:
    - cron: '33 2 * * *'
  workflow_dispatch:

jobs:
  action:
    permissions:
      issues: write
    runs-on: ubuntu-latest
    steps:
      - uses: dessant/lock-threads@851cffe46851ddd2051ea7147ebdc995113241c3 # v6.0.1
        with:
          github-token: ${{ github.token }}
          process-only: 'issues'
          issue-inactive-days: '30'
          log-output: true
